
Microsoft Visual Studio Solution File, Format Version 12.00
# Visual Studio Version 16
VisualStudioVersion = 16.0.33529.622
MinimumVisualStudioVersion = 10.0.40219.1
Project("{2150E333-8FDC-42A3-9474-1A3956D46DE8}") = "Services", "Services", "{0C414CBC-03D2-4B4B-9AB8-F10D537DC93E}"
EndProject
Project("{2150E333-8FDC-42A3-9474-1A3956D46DE8}") = "Catalog", "Catalog", "{3D5B7238-6718-49BF-95E5-94E99A0A3A03}"
EndProject
Project("{9A19103F-16F7-4668-BE54-9A1E7A4F7556}") = "Catalog.API", "Services\Catalog\Catalog.API\Catalog.API.csproj", "{9460AA14-4906-4EA6-81C4-3A439D8A821D}"
EndProject
Project("{E53339B2-1760-4266-BCC7-CA923CBCF16C}") = "docker-compose", "docker-compose.dcproj", "{5703E36A-3E32-4614-B95F-C76614605C8C}"
EndProject
Project("{2150E333-8FDC-42A3-9474-1A3956D46DE8}") = "Basket", "Basket", "{6536A0DD-3A29-4FC9-9ECF-C97BFF349E89}"
EndProject
Project("{9A19103F-16F7-4668-BE54-9A1E7A4F7556}") = "Basket.API", "Services\Basket\Basket.API\Basket.API.csproj", "{D77FF4B4-BC20-4D12-9343-BA2EFB0EC602}"
EndProject
Project("{2150E333-8FDC-42A3-9474-1A3956D46DE8}") = "Discount", "Discount", "{5BE9E3DB-BA5A-4EAD-B0EB-65DD0FF7D8F1}"
EndProject
Project("{9A19103F-16F7-4668-BE54-9A1E7A4F7556}") = "Discount.API", "Services\Discount\Discount.API\Discount.API.csproj", "{80DA9EBC-4E52-45FB-87F0-707E41EF682B}"
EndProject
Project("{9A19103F-16F7-4668-BE54-9A1E7A4F7556}") = "Discount.Grpc", "Services\Discount\Discount.Grpc\Discount.Grpc.csproj", "{0D0DE6DB-4941-449D-80D1-3E637FC69E4B}"
EndProject
Project("{2150E333-8FDC-42A3-9474-1A3956D46DE8}") = "Ordering", "Ordering", "{6B2B7A45-B2E9-4AC2-A185-868BED3222FF}"
EndProject
Project("{FAE04EC0-301F-11D3-BF4B-00C04F79EFBC}") = "Ordering.API", "Services\Ordering\Ordering.API\Ordering.API.csproj", "{0546A010-E439-4C64-A7A8-B7A9933607F8}"
EndProject
Project("{FAE04EC0-301F-11D3-BF4B-00C04F79EFBC}") = "Ordering.Domain", "Services\Ordering\Ordering.Domain\Ordering.Domain.csproj", "{8BB40D0C-9FC4-41E7-8FDA-C1975470504D}"
EndProject
Project("{FAE04EC0-301F-11D3-BF4B-00C04F79EFBC}") = "Ordering.Application", "Services\Ordering\Ordering.Application\Ordering.Application.csproj", "{6AF133CB-019E-4EB1-8D36-CE530359A7BF}"
EndProject
Project("{FAE04EC0-301F-11D3-BF4B-00C04F79EFBC}") = "Ordering.Infrastructure", "Services\Ordering\Ordering.Infrastructure\Ordering.Infrastructure.csproj", "{07B1F455-0B62-4D35-B9F8-D9285FEA1FBE}"
EndProject
Global
	GlobalSection(SolutionConfigurationPlatforms) = preSolution
		Debug|Any CPU = Debug|Any CPU
		Release|Any CPU = Release|Any CPU
	EndGlobalSection
	GlobalSection(ProjectConfigurationPlatforms) = postSolution
		{9460AA14-4906-4EA6-81C4-3A439D8A821D}.Debug|Any CPU.ActiveCfg = Debug|Any CPU
		{9460AA14-4906-4EA6-81C4-3A439D8A821D}.Debug|Any CPU.Build.0 = Debug|Any CPU
		{9460AA14-4906-4EA6-81C4-3A439D8A821D}.Release|Any CPU.ActiveCfg = Release|Any CPU
		{9460AA14-4906-4EA6-81C4-3A439D8A821D}.Release|Any CPU.Build.0 = Release|Any CPU
		{5703E36A-3E32-4614-B95F-C76614605C8C}.Debug|Any CPU.ActiveCfg = Debug|Any CPU
		{5703E36A-3E32-4614-B95F-C76614605C8C}.Debug|Any CPU.Build.0 = Debug|Any CPU
		{5703E36A-3E32-4614-B95F-C76614605C8C}.Release|Any CPU.ActiveCfg = Release|Any CPU
		{5703E36A-3E32-4614-B95F-C76614605C8C}.Release|Any CPU.Build.0 = Release|Any CPU
		{D77FF4B4-BC20-4D12-9343-BA2EFB0EC602}.Debug|Any CPU.ActiveCfg = Debug|Any CPU
		{D77FF4B4-BC20-4D12-9343-BA2EFB0EC602}.Debug|Any CPU.Build.0 = Debug|Any CPU
		{D77FF4B4-BC20-4D12-9343-BA2EFB0EC602}.Release|Any CPU.ActiveCfg = Release|Any CPU
		{D77FF4B4-BC20-4D12-9343-BA2EFB0EC602}.Release|Any CPU.Build.0 = Release|Any CPU
		{80DA9EBC-4E52-45FB-87F0-707E41EF682B}.Debug|Any CPU.ActiveCfg = Debug|Any CPU
		{80DA9EBC-4E52-45FB-87F0-707E41EF682B}.Debug|Any CPU.Build.0 = Debug|Any CPU
		{80DA9EBC-4E52-45FB-87F0-707E41EF682B}.Release|Any CPU.ActiveCfg = Release|Any CPU
		{80DA9EBC-4E52-45FB-87F0-707E41EF682B}.Release|Any CPU.Build.0 = Release|Any CPU
		{0D0DE6DB-4941-449D-80D1-3E637FC69E4B}.Debug|Any CPU.ActiveCfg = Debug|Any CPU
		{0D0DE6DB-4941-449D-80D1-3E637FC69E4B}.Debug|Any CPU.Build.0 = Debug|Any CPU
		{0D0DE6DB-4941-449D-80D1-3E637FC69E4B}.Release|Any CPU.ActiveCfg = Release|Any CPU
		{0D0DE6DB-4941-449D-80D1-3E637FC69E4B}.Release|Any CPU.Build.0 = Release|Any CPU
		{0546A010-E439-4C64-A7A8-B7A9933607F8}.Debug|Any CPU.ActiveCfg = Debug|Any CPU
		{0546A010-E439-4C64-A7A8-B7A9933607F8}.Debug|Any CPU.Build.0 = Debug|Any CPU
		{0546A010-E439-4C64-A7A8-B7A9933607F8}.Release|Any CPU.ActiveCfg = Release|Any CPU
		{0546A010-E439-4C64-A7A8-B7A9933607F8}.Release|Any CPU.Build.0 = Release|Any CPU
		{8BB40D0C-9FC4-41E7-8FDA-C1975470504D}.Debug|Any CPU.ActiveCfg = Debug|Any CPU
		{8BB40D0C-9FC4-41E7-8FDA-C1975470504D}.Debug|Any CPU.Build.0 = Debug|Any CPU
		{8BB40D0C-9FC4-41E7-8FDA-C1975470504D}.Release|Any CPU.ActiveCfg = Release|Any CPU
		{8BB40D0C-9FC4-41E7-8FDA-C1975470504D}.Release|Any CPU.Build.0 = Release|Any CPU
		{6AF133CB-019E-4EB1-8D36-CE530359A7BF}.Debug|Any CPU.ActiveCfg = Debug|Any CPU
		{6AF133CB-019E-4EB1-8D36-CE530359A7BF}.Debug|Any CPU.Build.0 = Debug|Any CPU
		{6AF133CB-019E-4EB1-8D36-CE530359A7BF}.Release|Any CPU.ActiveCfg = Release|Any CPU
		{6AF133CB-019E-4EB1-8D36-CE530359A7BF}.Release|Any CPU.Build.0 = Release|Any CPU
		{07B1F455-0B62-4D35-B9F8-D9285FEA1FBE}.Debug|Any CPU.ActiveCfg = Debug|Any CPU
		{07B1F455-0B62-4D35-B9F8-D9285FEA1FBE}.Debug|Any CPU.Build.0 = Debug|Any CPU
		{07B1F455-0B62-4D35-B9F8-D9285FEA1FBE}.Release|Any CPU.ActiveCfg = Release|Any CPU
		{07B1F455-0B62-4D35-B9F8-D9285FEA1FBE}.Release|Any CPU.Build.0 = Release|Any CPU
	EndGlobalSection
	GlobalSection(SolutionProperties) = preSolution
		HideSolutionNode = FALSE
	EndGlobalSection
	GlobalSection(NestedProjects) = preSolution
		{3D5B7238-6718-49BF-95E5-94E99A0A3A03} = {0C414CBC-03D2-4B4B-9AB8-F10D537DC93E}
		{9460AA14-4906-4EA6-81C4-3A439D8A821D} = {3D5B7238-6718-49BF-95E5-94E99A0A3A03}
		{6536A0DD-3A29-4FC9-9ECF-C97BFF349E89} = {0C414CBC-03D2-4B4B-9AB8-F10D537DC93E}
		{D77FF4B4-BC20-4D12-9343-BA2EFB0EC602} = {6536A0DD-3A29-4FC9-9ECF-C97BFF349E89}
		{5BE9E3DB-BA5A-4EAD-B0EB-65DD0FF7D8F1} = {0C414CBC-03D2-4B4B-9AB8-F10D537DC93E}
		{80DA9EBC-4E52-45FB-87F0-707E41EF682B} = {5BE9E3DB-BA5A-4EAD-B0EB-65DD0FF7D8F1}
		{0D0DE6DB-4941-449D-80D1-3E637FC69E4B} = {5BE9E3DB-BA5A-4EAD-B0EB-65DD0FF7D8F1}
		{6B2B7A45-B2E9-4AC2-A185-868BED3222FF} = {0C414CBC-03D2-4B4B-9AB8-F10D537DC93E}
		{0546A010-E439-4C64-A7A8-B7A9933607F8} = {6B2B7A45-B2E9-4AC2-A185-868BED3222FF}
		{8BB40D0C-9FC4-41E7-8FDA-C1975470504D} = {6B2B7A45-B2E9-4AC2-A185-868BED3222FF}
		{6AF133CB-019E-4EB1-8D36-CE530359A7BF} = {6B2B7A45-B2E9-4AC2-A185-868BED3222FF}
		{07B1F455-0B62-4D35-B9F8-D9285FEA1FBE} = {6B2B7A45-B2E9-4AC2-A185-868BED3222FF}
	EndGlobalSection
	GlobalSection(ExtensibilityGlobals) = postSolution
		SolutionGuid = {CBB6A4EB-60B1-4A85-A2DE-EA9F70550946}
	EndGlobalSection
EndGlobal
